
Microsoft Visual Studio Solution File, Format Version 12.00
# Visual Studio 14
VisualStudioVersion = 14.0.24720.0
MinimumVisualStudioVersion = 10.0.40219.1
Project("{FAE04EC0-301F-11D3-BF4B-00C04F79EFBC}") = "Problem1HumanStudentWorker", "Problem1HumanStudentWorker\Problem1HumanStudentWorker.csproj", "{C763AE26-C396-4829-AF66-D11444B2C6C7}"
EndProject
Project("{FAE04EC0-301F-11D3-BF4B-00C04F79EFBC}") = "Problem2Animals", "Problem2Animals\Problem2Animals.csproj", "{B50F5D6E-C256-41BA-A9B1-E51C6A6EC185}"
EndProject
Project("{FAE04EC0-301F-11D3-BF4B-00C04F79EFBC}") = "CompanyHierarchy", "CompanyHierarchy\CompanyHierarchy.csproj", "{5FB10CDD-F5A9-47FF-A886-9C7700B197C8}"
EndProject
Global
	GlobalSection(SolutionConfigurationPlatforms) = preSolution
		Debug|Any CPU = Debug|Any CPU
		Release|Any CPU = Release|Any CPU
	EndGlobalSection
	GlobalSection(ProjectConfigurationPlatforms) = postSolution
		{C763AE26-C396-4829-AF66-D11444B2C6C7}.Debug|Any CPU.ActiveCfg = Debug|Any CPU
		{C763AE26-C396-4829-AF66-D11444B2C6C7}.Debug|Any CPU.Build.0 = Debug|Any CPU
		{C763AE26-C396-4829-AF66-D11444B2C6C7}.Release|Any CPU.ActiveCfg = Release|Any CPU
		{C763AE26-C396-4829-AF66-D11444B2C6C7}.Release|Any CPU.Build.0 = Release|Any CPU
		{B50F5D6E-C256-41BA-A9B1-E51C6A6EC185}.Debug|Any CPU.ActiveCfg = Debug|Any CPU
		{B50F5D6E-C256-41BA-A9B1-E51C6A6EC185}.Debug|Any CPU.Build.0 = Debug|Any CPU
		{B50F5D6E-C256-41BA-A9B1-E51C6A6EC185}.Release|Any CPU.ActiveCfg = Release|Any CPU
		{B50F5D6E-C256-41BA-A9B1-E51C6A6EC185}.Release|Any CPU.Build.0 = Release|Any CPU
		{5FB10CDD-F5A9-47FF-A886-9C7700B197C8}.Debug|Any CPU.ActiveCfg = Debug|Any CPU
		{5FB10CDD-F5A9-47FF-A886-9C7700B197C8}.Debug|Any CPU.Build.0 = Debug|Any CPU
		{5FB10CDD-F5A9-47FF-A886-9C7700B197C8}.Release|Any CPU.ActiveCfg = Release|Any CPU
		{5FB10CDD-F5A9-47FF-A886-9C7700B197C8}.Release|Any CPU.Build.0 = Release|Any CPU
	EndGlobalSection
	GlobalSection(SolutionProperties) = preSolution
		HideSolutionNode = FALSE
	EndGlobalSection
EndGlobal
